<?xml version="1.0" encoding="utf-8"?>
<Project ToolsVersion="4.0" xmlns="http://schemas.microsoft.com/developer/msbuild/2003">
  <ItemGroup>
    <Filter Include="Common">
      <UniqueIdentifier>b0e30ed0-1cf3-4674-addb-dff88284e27e</UniqueIdentifier>
    </Filter>
    <Filter Include="Assets">
      <UniqueIdentifier>61fe78a2-afa3-45aa-9b59-cdade7f8e379</UniqueIdentifier>
      <Extensions>bmp;dds;fbx;gif;jpg;jpeg;tga;tiff;tif;png</Extensions>
    </Filter>
    <Filter Include="Common\Telemetry">
      <UniqueIdentifier>ef886f0c-303d-46e0-9054-27b385bfe8a9</UniqueIdentifier>
    </Filter>
    <Filter Include="Common\Telemetry\ARM">
      <UniqueIdentifier>b3e25446-ac5b-494d-87c9-f538c5b936bd</UniqueIdentifier>
    </Filter>
    <Filter Include="Common\Telemetry\Win32">
      <UniqueIdentifier>58ded739-817a-45c4-99c9-e37829487541</UniqueIdentifier>
    </Filter>
    <Filter Include="Common\Telemetry\x64">
      <UniqueIdentifier>6707632b-b55e-4cf4-a81d-100ecdbe62a2</UniqueIdentifier>
    </Filter>
    <Filter Include="ATG Tool Kit">
      <UniqueIdentifier>{dfcd867f-4c4c-4061-b377-9b9979c422e1}</UniqueIdentifier>
    </Filter>
  </ItemGroup>
  <ItemGroup>
    <ClInclude Include="pch.h" />
    <ClInclude Include="InGameChatUWP.h" />
    <ClInclude Include="StepTimer.h">
      <Filter>Common</Filter>
    </ClInclude>
    <ClInclude Include="DeviceResources.h">
      <Filter>Common</Filter>
    </ClInclude>
    <ClInclude Include="..\..\..\Kits\ATGTK\ATGColors.h">
      <Filter>ATG Tool Kit</Filter>
    </ClInclude>
    <ClInclude Include="ItemRepeater.h">
      <Filter>Common</Filter>
    </ClInclude>
    <ClInclude Include="UserRepeater.h">
      <Filter>Common</Filter>
    </ClInclude>
    <ClInclude Include="ChatIntegrationLayer.h" />
    <ClInclude Include="..\..\..\Kits\ATGTK\TextConsole.h">
      <Filter>ATG Tool Kit</Filter>
    </ClInclude>
    <ClInclude Include="..\..\..\Kits\ATGTK\CSVReader.h">
      <Filter>ATG Tool Kit</Filter>
    </ClInclude>
    <ClInclude Include="..\..\..\Kits\ATGTK\SampleGUI.h">
      <Filter>ATG Tool Kit</Filter>
    </ClInclude>
    <ClInclude Include="..\..\..\Kits\ATGTK\ControllerFont.h">
      <Filter>ATG Tool Kit</Filter>
    </ClInclude>
    <ClInclude Include="WrapBuffer.h">
      <Filter>Common</Filter>
    </ClInclude>
  </ItemGroup>
  <ItemGroup>
    <ClCompile Include="pch.cpp" />
    <ClCompile Include="InGameChatUWP.cpp" />
    <ClCompile Include="Main.cpp" />
    <ClCompile Include="DeviceResources.cpp">
      <Filter>Common</Filter>
    </ClCompile>
    <ClCompile Include="UserRepeater.cpp">
      <Filter>Common</Filter>
    </ClCompile>
    <ClCompile Include="ChatIntegrationLayer.cpp" />
    <ClCompile Include="..\..\..\Kits\ATGTK\TextConsole.cpp">
      <Filter>ATG Tool Kit</Filter>
    </ClCompile>
    <ClCompile Include="..\..\..\Kits\ATGTK\SampleGUI.cpp">
      <Filter>ATG Tool Kit</Filter>
    </ClCompile>
  </ItemGroup>
  <ItemGroup>
    <Image Include="Assets\Logo.png">
      <Filter>Assets</Filter>
    </Image>
    <Image Include="Assets\SmallLogo.png">
      <Filter>Assets</Filter>
    </Image>
    <Image Include="Assets\SplashScreen.png">
      <Filter>Assets</Filter>
    </Image>
    <Image Include="Assets\StoreLogo.png">
      <Filter>Assets</Filter>
    </Image>
    <Image Include="Assets\WideLogo.png">
      <Filter>Assets</Filter>
    </Image>
    <Image Include="Assets\Kinect.png">
      <Filter>Assets</Filter>
    </Image>
    <Image Include="Assets\kinect_Mute.png">
      <Filter>Assets</Filter>
    </Image>
    <Image Include="Assets\Mic.png">
      <Filter>Assets</Filter>
    </Image>
    <Image Include="Assets\Mic_Mute.png">
      <Filter>Assets</Filter>
    </Image>
    <Image Include="Assets\mic2.png">
      <Filter>Assets</Filter>
    </Image>
    <Image Include="Assets\participantsLbl.png">
      <Filter>Assets</Filter>
    </Image>
    <Image Include="Assets\particpantBG.png">
      <Filter>Assets</Filter>
    </Image>
    <Image Include="Assets\ParticpantMutedBG.png">
      <Filter>Assets</Filter>
    </Image>
    <Image Include="Assets\spacer.png">
      <Filter>Assets</Filter>
    </Image>
    <Image Include="Assets\talking.png">
      <Filter>Assets</Filter>
    </Image>
    <Image Include="Assets\Asset2.png">
      <Filter>Assets</Filter>
    </Image>
    <Image Include="Assets\controller1.png">
      <Filter>Assets</Filter>
    </Image>
    <Image Include="Assets\controller2.png">
      <Filter>Assets</Filter>
    </Image>
    <Image Include="Assets\controller3.png">
      <Filter>Assets</Filter>
    </Image>
    <Image Include="Assets\controller4.png">
      <Filter>Assets</Filter>
    </Image>
    <Image Include="Assets\controller5.png">
      <Filter>Assets</Filter>
    </Image>
    <Image Include="Assets\controller6.png">
      <Filter>Assets</Filter>
    </Image>
    <Image Include="Assets\controller7.png">
      <Filter>Assets</Filter>
    </Image>
    <Image Include="Assets\controller8.png">
      <Filter>Assets</Filter>
    </Image>
    <Image Include="Assets\DbugLbl_ON.png">
      <Filter>Assets</Filter>
    </Image>
    <Image Include="Assets\DbugLog.png">
      <Filter>Assets</Filter>
    </Image>
    <Image Include="Assets\debugDisabled.png">
      <Filter>Assets</Filter>
    </Image>
  </ItemGroup>
  <ItemGroup>
    <None Include="..\..\..\Kits\Telemetry\Win32\ATGTelemetryUWP.dll">
      <Filter>Common\Telemetry\Win32</Filter>
    </None>
    <None Include="..\..\..\Kits\Telemetry\x64\ATGTelemetryUWP.dll">
      <Filter>Common\Telemetry\x64</Filter>
    </None>
    <None Include="Assets\Layout.csv">
      <Filter>Assets</Filter>
    </None>
    <None Include="Assets\Consolas_8.spritefont">
      <Filter>Assets</Filter>
    </None>
    <None Include="..\..\..\Media\Fonts\Courier_16.spritefont">
      <Filter>Assets</Filter>
    </None>
    <None Include="..\..\..\Media\Fonts\Courier_36.spritefont">
      <Filter>Assets</Filter>
    </None>
    <None Include="..\..\..\Media\Fonts\SegoeUI_18.spritefont">
      <Filter>Assets</Filter>
    </None>
    <None Include="..\..\..\Media\Fonts\SegoeUI_18_Bold.spritefont">
      <Filter>Assets</Filter>
    </None>
    <None Include="..\..\..\Media\Fonts\SegoeUI_18_Italic.spritefont">
      <Filter>Assets</Filter>
    </None>
    <None Include="..\..\..\Media\Fonts\SegoeUI_22.spritefont">
      <Filter>Assets</Filter>
    </None>
    <None Include="..\..\..\Media\Fonts\SegoeUI_22_Bold.spritefont">
      <Filter>Assets</Filter>
    </None>
    <None Include="..\..\..\Media\Fonts\SegoeUI_22_Italic.spritefont">
      <Filter>Assets</Filter>
    </None>
    <None Include="..\..\..\Media\Fonts\SegoeUI_24.spritefont">
      <Filter>Assets</Filter>
    </None>
    <None Include="..\..\..\Media\Fonts\SegoeUI_24_Bold.spritefont">
      <Filter>Assets</Filter>
    </None>
    <None Include="..\..\..\Media\Fonts\SegoeUI_24_Italic.spritefont">
      <Filter>Assets</Filter>
    </None>
    <None Include="..\..\..\Media\Fonts\SegoeUI_30.spritefont">
      <Filter>Assets</Filter>
    </None>
    <None Include="..\..\..\Media\Fonts\SegoeUI_30_Bold.spritefont">
      <Filter>Assets</Filter>
    </None>
    <None Include="..\..\..\Media\Fonts\SegoeUI_30_Italic.spritefont">
      <Filter>Assets</Filter>
    </None>
    <None Include="..\..\..\Media\Fonts\SegoeUI_34.spritefont">
      <Filter>Assets</Filter>
    </None>
    <None Include="..\..\..\Media\Fonts\SegoeUI_36.spritefont">
      <Filter>Assets</Filter>
    </None>
    <None Include="..\..\..\Media\Fonts\SegoeUI_36_Bold.spritefont">
      <Filter>Assets</Filter>
    </None>
    <None Include="..\..\..\Media\Fonts\SegoeUI_36_Italic.spritefont">
      <Filter>Assets</Filter>
    </None>
    <None Include="..\..\..\Media\Fonts\SegoeUI_48.spritefont">
      <Filter>Assets</Filter>
    </None>
    <None Include="..\..\..\Media\Fonts\SegoeUI_48_Bold.spritefont">
      <Filter>Assets</Filter>
    </None>
    <None Include="..\..\..\Media\Fonts\SegoeUI_48_Italic.spritefont">
      <Filter>Assets</Filter>
    </None>
    <None Include="..\..\..\Media\Fonts\XboxOneController.spritefont">
      <Filter>Assets</Filter>
    </None>
    <None Include="..\..\..\Media\Fonts\XboxOneControllerLegend.spritefont">
      <Filter>Assets</Filter>
    </None>
    <None Include="..\..\..\Media\Fonts\XboxOneControllerLegendSmall.spritefont">
      <Filter>Assets</Filter>
    </None>
    <None Include="..\..\..\Media\Fonts\XboxOneControllerSmall.spritefont">
      <Filter>Assets</Filter>
    </None>
    <None Include="xboxservices.config" />
    <None Include="ReadMe.docx" />
    <None Include="packages.config" />
    <None Include="ReadMe.docx" />
  </ItemGroup>
  <ItemGroup>
    <AppxManifest Include="Package.appxmanifest" />
  </ItemGroup>
  <ItemGroup>
    <Xml Include="networkmanifest.xml" />
  </ItemGroup>
</Project>