<?xml version="1.0" encoding="utf-8"?>
<Project ToolsVersion="4.0" xmlns="http://schemas.microsoft.com/developer/msbuild/2003">
  <ItemGroup>
    <Filter Include="Common">
      <UniqueIdentifier>ea10a48d-dd22-4b72-957c-c6bbe7e95b8d</UniqueIdentifier>
    </Filter>
    <Filter Include="Assets">
      <UniqueIdentifier>957fdc2d-b601-4250-a97f-0b9a7c3ebc9d</UniqueIdentifier>
      <Extensions>bmp;dds;fbx;gif;jpg;jpeg;tga;tiff;tif;png</Extensions>
    </Filter>
    <Filter Include="ATG Tool Kit">
      <UniqueIdentifier>{788be364-97f9-4bdb-8670-66c502575673}</UniqueIdentifier>
    </Filter>
    <Filter Include="Documentation">
      <UniqueIdentifier>{08c2b670-4dd8-49fd-9ee0-2a29ad3723ae}</UniqueIdentifier>
    </Filter>
  </ItemGroup>
  <ItemGroup>
    <ClInclude Include="pch.h" />
    <ClInclude Include="StepTimer.h">
      <Filter>Common</Filter>
    </ClInclude>
    <ClInclude Include="Telemetry.h">
      <Filter>Common</Filter>
    </ClInclude>
    <ClInclude Include="DeviceResources.h">
      <Filter>Common</Filter>
    </ClInclude>
    <ClInclude Include="..\..\..\Kits\ATGTK\ATGColors.h">
      <Filter>ATG Tool Kit</Filter>
    </ClInclude>
    <ClInclude Include="..\..\..\Kits\ATGTK\ControllerFont.h">
      <Filter>ATG Tool Kit</Filter>
    </ClInclude>
    <ClInclude Include="..\..\..\Kits\ATGTK\CSVReader.h">
      <Filter>ATG Tool Kit</Filter>
    </ClInclude>
    <ClInclude Include="..\..\..\Kits\ATGTK\SampleGUI.h">
      <Filter>ATG Tool Kit</Filter>
    </ClInclude>
    <ClInclude Include="ChatIntegrationLayer.h" />
    <ClInclude Include="..\..\..\Kits\ATGTK\TextConsole.h">
      <Filter>ATG Tool Kit</Filter>
    </ClInclude>
    <ClInclude Include="..\..\..\Kits\ATGTK\WAVFileReader.h">
      <Filter>ATG Tool Kit</Filter>
    </ClInclude>
    <ClInclude Include="UserRepeater.h" />
    <ClInclude Include="PositionalChat.h" />
    <ClInclude Include="GameAudio.h" />
    <ClInclude Include="AudioCBuffer.h" />
    <ClInclude Include="ItemRepeater.h" />
    <ClInclude Include="WrapBuffer.h" />
  </ItemGroup>
  <ItemGroup>
    <ClCompile Include="pch.cpp" />
    <ClCompile Include="DeviceResources.cpp">
      <Filter>Common</Filter>
    </ClCompile>
    <ClCompile Include="ChatIntegrationLayer.cpp" />
    <ClCompile Include="..\..\..\Kits\ATGTK\TextConsole.cpp">
      <Filter>ATG Tool Kit</Filter>
    </ClCompile>
    <ClCompile Include="..\..\..\Kits\ATGTK\WAVFileReader.cpp">
      <Filter>ATG Tool Kit</Filter>
    </ClCompile>
    <ClCompile Include="..\..\..\Kits\ATGTK\SampleGUI.cpp">
      <Filter>ATG Tool Kit</Filter>
    </ClCompile>
    <ClCompile Include="UserRepeater.cpp" />
    <ClCompile Include="PositionalChat.cpp" />
    <ClCompile Include="Main.cpp" />
    <ClCompile Include="GameAudio.cpp" />
    <ClCompile Include="AudioCBuffer.cpp" />
  </ItemGroup>
  <ItemGroup>
    <AppxManifest Include="Package.appxmanifest" />
  </ItemGroup>
  <ItemGroup>
    <Image Include="Assets\Logo.png">
      <Filter>Assets</Filter>
    </Image>
    <Image Include="Assets\SmallLogo.png">
      <Filter>Assets</Filter>
    </Image>
    <Image Include="Assets\SplashScreen.png">
      <Filter>Assets</Filter>
    </Image>
    <Image Include="Assets\StoreLogo.png">
      <Filter>Assets</Filter>
    </Image>
    <Image Include="Assets\WideLogo.png">
      <Filter>Assets</Filter>
    </Image>
    <Image Include="Assets\controller5.png">
      <Filter>Assets</Filter>
    </Image>
    <Image Include="Assets\controller6.png">
      <Filter>Assets</Filter>
    </Image>
    <Image Include="Assets\controller8.png">
      <Filter>Assets</Filter>
    </Image>
    <Image Include="Assets\debugDisabled.png">
      <Filter>Assets</Filter>
    </Image>
    <Image Include="Assets\participantsLbl.png">
      <Filter>Assets</Filter>
    </Image>
    <Image Include="Assets\controller1.png">
      <Filter>Assets</Filter>
    </Image>
    <Image Include="Assets\controller2.png">
      <Filter>Assets</Filter>
    </Image>
    <Image Include="Assets\controller3.png">
      <Filter>Assets</Filter>
    </Image>
    <Image Include="Assets\controller4.png">
      <Filter>Assets</Filter>
    </Image>
    <Image Include="Assets\Asset2.png">
      <Filter>Assets</Filter>
    </Image>
    <Image Include="Assets\dbugLbl_off.png">
      <Filter>Assets</Filter>
    </Image>
    <Image Include="Assets\DbugLbl_ON.png">
      <Filter>Assets</Filter>
    </Image>
    <Image Include="Assets\Mic.png">
      <Filter>Assets</Filter>
    </Image>
    <Image Include="Assets\Mic_Mute.png">
      <Filter>Assets</Filter>
    </Image>
    <Image Include="Assets\particpantBG.png">
      <Filter>Assets</Filter>
    </Image>
    <Image Include="Assets\ParticpantMutedBG.png">
      <Filter>Assets</Filter>
    </Image>
    <Image Include="Assets\StatsLabel_ON.png">
      <Filter>Assets</Filter>
    </Image>
    <Image Include="Assets\StatsLbl_off.png">
      <Filter>Assets</Filter>
    </Image>
    <Image Include="Assets\talking.png">
      <Filter>Assets</Filter>
    </Image>
    <Image Include="Assets\controller7.png">
      <Filter>Assets</Filter>
    </Image>
    <Image Include="Assets\DbugFrame.png">
      <Filter>Assets</Filter>
    </Image>
    <Image Include="Assets\spacer.png">
      <Filter>Assets</Filter>
    </Image>
    <Image Include="Assets\kinect_Mute.png">
      <Filter>Assets</Filter>
    </Image>
    <Image Include="Assets\Kinect.png">
      <Filter>Assets</Filter>
    </Image>
    <Image Include="..\..\..\Media\Textures\ATGSampleBackground.DDS">
      <Filter>Assets</Filter>
    </Image>
    <Image Include="Assets\DbugLog.png">
      <Filter>Assets</Filter>
    </Image>
    <Image Include="Assets\circle.dds">
      <Filter>Assets</Filter>
    </Image>
  </ItemGroup>
  <ItemGroup>
    <None Include="..\..\..\Media\Fonts\Courier_16.spritefont">
      <Filter>Assets</Filter>
    </None>
    <None Include="..\..\..\Media\Fonts\Courier_36.spritefont">
      <Filter>Assets</Filter>
    </None>
    <None Include="..\..\..\Media\Fonts\SegoeUI_18.spritefont">
      <Filter>Assets</Filter>
    </None>
    <None Include="..\..\..\Media\Fonts\SegoeUI_18_Bold.spritefont">
      <Filter>Assets</Filter>
    </None>
    <None Include="..\..\..\Media\Fonts\SegoeUI_18_Italic.spritefont">
      <Filter>Assets</Filter>
    </None>
    <None Include="..\..\..\Media\Fonts\SegoeUI_24.spritefont">
      <Filter>Assets</Filter>
    </None>
    <None Include="..\..\..\Media\Fonts\SegoeUI_24_Bold.spritefont">
      <Filter>Assets</Filter>
    </None>
    <None Include="..\..\..\Media\Fonts\SegoeUI_24_Italic.spritefont">
      <Filter>Assets</Filter>
    </None>
    <None Include="..\..\..\Media\Fonts\SegoeUI_36.spritefont">
      <Filter>Assets</Filter>
    </None>
    <None Include="..\..\..\Media\Fonts\SegoeUI_36_Bold.spritefont">
      <Filter>Assets</Filter>
    </None>
    <None Include="..\..\..\Media\Fonts\SegoeUI_36_Italic.spritefont">
      <Filter>Assets</Filter>
    </None>
    <None Include="..\..\..\Media\Fonts\XboxOneController.spritefont">
      <Filter>Assets</Filter>
    </None>
    <None Include="..\..\..\Media\Fonts\XboxOneControllerLegend.spritefont">
      <Filter>Assets</Filter>
    </None>
    <None Include="..\..\..\Media\Fonts\XboxOneControllerLegendSmall.spritefont">
      <Filter>Assets</Filter>
    </None>
    <None Include="..\..\..\Media\Fonts\XboxOneControllerSmall.spritefont">
      <Filter>Assets</Filter>
    </None>
    <None Include="Assets\Layout.csv">
      <Filter>Assets</Filter>
    </None>
    <None Include="..\..\..\Media\Fonts\SegoeUI_22.spritefont">
      <Filter>Assets</Filter>
    </None>
    <None Include="..\..\..\Media\Fonts\SegoeUI_22_Bold.spritefont">
      <Filter>Assets</Filter>
    </None>
    <None Include="..\..\..\Media\Fonts\SegoeUI_22_Italic.spritefont">
      <Filter>Assets</Filter>
    </None>
    <None Include="Assets\Consolas_8.spritefont">
      <Filter>Assets</Filter>
    </None>
    <None Include="ReadMe.docx">
      <Filter>Documentation</Filter>
    </None>
    <None Include="PositionalChat_ReadMe_ja-jp.docx">
      <Filter>Documentation</Filter>
    </None>
    <None Include="PositionalChat_ReadMe_ko-kr.docx">
      <Filter>Documentation</Filter>
    </None>
    <None Include="PositionalChat_ReadMe_zh-cn.docx">
      <Filter>Documentation</Filter>
    </None>
  </ItemGroup>
  <ItemGroup>
    <Media Include="Assets\StaticLoop.wav">
      <Filter>Assets</Filter>
    </Media>
  </ItemGroup>
</Project>