<?xml version="1.0" encoding="utf-8"?>
<Project ToolsVersion="4.0" xmlns="http://schemas.microsoft.com/developer/msbuild/2003">
  <ItemGroup>
    <Filter Include="Common">
      <UniqueIdentifier>0c4a704f-7c19-4c04-9147-7c2600a35ad9</UniqueIdentifier>
    </Filter>
    <Filter Include="Assets">
      <UniqueIdentifier>5417a894-f12f-4f81-8930-e36075f9c469</UniqueIdentifier>
      <Extensions>bmp;dds;fbx;gif;jpg;jpeg;tga;tiff;tif;png</Extensions>
    </Filter>
    <Filter Include="Xbox Live Tool Kit">
      <UniqueIdentifier>18e18f11-a31b-4bae-bbb1-0b30f70787b1</UniqueIdentifier>
    </Filter>
    <Filter Include="ATG Tool Kit">
      <UniqueIdentifier>{12cea8d8-c1cf-4e3e-a00a-679eb27c438b}</UniqueIdentifier>
    </Filter>
    <Filter Include="Package Scripts">
      <UniqueIdentifier>{3343904d-fe90-455f-b147-6b81d78c8b39}</UniqueIdentifier>
    </Filter>
  </ItemGroup>
  <ItemGroup>
    <ClInclude Include="pch.h" />
    <ClInclude Include="GameTrials.h" />
    <ClInclude Include="StepTimer.h">
      <Filter>Common</Filter>
    </ClInclude>
    <ClInclude Include="Telemetry.h">
      <Filter>Common</Filter>
    </ClInclude>
    <ClInclude Include="DeviceResources.h">
      <Filter>Common</Filter>
    </ClInclude>
    <ClInclude Include="..\..\..\Kits\LiveTK\LiveResourcesXDK.h">
      <Filter>Xbox Live Tool Kit</Filter>
    </ClInclude>
    <ClInclude Include="..\..\..\Kits\LiveTK\LiveInfoHUD.h">
      <Filter>Xbox Live Tool Kit</Filter>
    </ClInclude>
    <ClInclude Include="..\..\..\Kits\ATGTK\ATGColors.h">
      <Filter>ATG Tool Kit</Filter>
    </ClInclude>
    <ClInclude Include="..\..\..\Kits\ATGTK\ControllerFont.h">
      <Filter>ATG Tool Kit</Filter>
    </ClInclude>
    <ClInclude Include="..\..\..\Kits\ATGTK\CSVReader.h">
      <Filter>ATG Tool Kit</Filter>
    </ClInclude>
    <ClInclude Include="..\..\..\Kits\ATGTK\SampleGUI.h">
      <Filter>ATG Tool Kit</Filter>
    </ClInclude>
  </ItemGroup>
  <ItemGroup>
    <ClCompile Include="pch.cpp" />
    <ClCompile Include="GameTrials.cpp" />
    <ClCompile Include="Main.cpp" />
    <ClCompile Include="DeviceResources.cpp">
      <Filter>Common</Filter>
    </ClCompile>
    <ClCompile Include="..\..\..\Kits\LiveTK\LiveResourcesXDK.cpp">
      <Filter>Xbox Live Tool Kit</Filter>
    </ClCompile>
    <ClCompile Include="..\..\..\Kits\LiveTK\LiveInfoHUD.cpp">
      <Filter>Xbox Live Tool Kit</Filter>
    </ClCompile>
    <ClCompile Include="..\..\..\Kits\ATGTK\SampleGUI.cpp">
      <Filter>ATG Tool Kit</Filter>
    </ClCompile>
  </ItemGroup>
  <ItemGroup>
    <AppxManifest Include="Package.appxmanifest" />
  </ItemGroup>
  <ItemGroup>
    <Image Include="Assets\GamerPic.png">
      <Filter>Assets</Filter>
    </Image>
    <Image Include="Assets\Logo.png">
      <Filter>Assets</Filter>
    </Image>
    <Image Include="Assets\SmallLogo.png">
      <Filter>Assets</Filter>
    </Image>
    <Image Include="Assets\SplashScreen.png">
      <Filter>Assets</Filter>
    </Image>
    <Image Include="Assets\StoreLogo.png">
      <Filter>Assets</Filter>
    </Image>
    <Image Include="Assets\WideLogo.png">
      <Filter>Assets</Filter>
    </Image>
  </ItemGroup>
  <ItemGroup>
    <None Include="..\..\..\Media\Fonts\SegoeUI_18.spritefont">
      <Filter>Assets</Filter>
    </None>
    <None Include="..\..\..\Media\Fonts\SegoeUI_18_Bold.spritefont">
      <Filter>Assets</Filter>
    </None>
    <None Include="..\..\..\Media\Fonts\SegoeUI_18_Italic.spritefont">
      <Filter>Assets</Filter>
    </None>
    <None Include="..\..\..\Media\Fonts\XboxOneController.spritefont">
      <Filter>Assets</Filter>
    </None>
    <None Include="..\..\..\Media\Fonts\XboxOneControllerLegend.spritefont">
      <Filter>Assets</Filter>
    </None>
    <None Include="..\..\..\Media\Fonts\XboxOneControllerLegendSmall.spritefont">
      <Filter>Assets</Filter>
    </None>
    <None Include="..\..\..\Media\Fonts\XboxOneControllerSmall.spritefont">
      <Filter>Assets</Filter>
    </None>
    <None Include="..\..\..\Media\Fonts\SegoeUI_22.spritefont">
      <Filter>Assets</Filter>
    </None>
    <None Include="..\..\..\Media\Fonts\SegoeUI_22_Bold.spritefont">
      <Filter>Assets</Filter>
    </None>
    <None Include="..\..\..\Media\Fonts\SegoeUI_22_Italic.spritefont">
      <Filter>Assets</Filter>
    </None>
    <None Include="..\..\..\Media\Fonts\SegoeUI_36.spritefont">
      <Filter>Assets</Filter>
    </None>
    <None Include="..\..\..\Media\Fonts\SegoeUI_36_Bold.spritefont">
      <Filter>Assets</Filter>
    </None>
    <None Include="..\..\..\Media\Fonts\SegoeUI_36_Italic.spritefont">
      <Filter>Assets</Filter>
    </None>
    <None Include="Assets\SampleUI.csv">
      <Filter>Assets</Filter>
    </None>
    <None Include="ReadMe.docx" />
  </ItemGroup>
  <ItemGroup>
    <Text Include="PackageScripts\chunks.xml">
      <Filter>Package Scripts</Filter>
    </Text>
    <Text Include="PackageScripts\Pack.bat">
      <Filter>Package Scripts</Filter>
    </Text>
    <Text Include="PackageScripts\PackInstallAndSetTrialLicense.bat">
      <Filter>Package Scripts</Filter>
    </Text>
    <Text Include="PackageScripts\QueryEKBIDs.bat">
      <Filter>Package Scripts</Filter>
    </Text>
    <Text Include="PackageScripts\SetEKBIDsForPackage.bat">
      <Filter>Package Scripts</Filter>
    </Text>
    <Text Include="PackageScripts\SetTestLicenseToInstalledSamplePackage.bat">
      <Filter>Package Scripts</Filter>
    </Text>
    <Text Include="PackageScripts\SetTrialLicenseToInstalledSamplePackage.bat">
      <Filter>Package Scripts</Filter>
    </Text>
  </ItemGroup>
</Project>